
Microsoft Visual Studio Solution File, Format Version 12.00
# Visual Studio Version 17
VisualStudioVersion = 17.7.34024.191
MinimumVisualStudioVersion = 10.0.40219.1
Project("{8BC9CEB8-8B4A-11D0-8D11-00A0C91BC942}") = "OPLab16.1", "OPLab16.1\OPLab16.1.vcxproj", "{C6962BD4-D381-4DFB-AC85-8E2CE6783898}"
EndProject
Project("{8BC9CEB8-8B4A-11D0-8D11-00A0C91BC942}") = "OPLab16.2", "OPLab16.2\OPLab16.2.vcxproj", "{9D2B65D0-7864-41AF-BB6E-F2023591AF22}"
EndProject
Project("{8BC9CEB8-8B4A-11D0-8D11-00A0C91BC942}") = "OPLab16.3", "OPLab16.3\OPLab16.3.vcxproj", "{F2E2C4D3-6A4A-4EAA-A266-D846A9DA36A0}"
EndProject
Global
	GlobalSection(SolutionConfigurationPlatforms) = preSolution
		Debug|x64 = Debug|x64
		Debug|x86 = Debug|x86
		Release|x64 = Release|x64
		Release|x86 = Release|x86
	EndGlobalSection
	GlobalSection(ProjectConfigurationPlatforms) = postSolution
		{C6962BD4-D381-4DFB-AC85-8E2CE6783898}.Debug|x64.ActiveCfg = Debug|x64
		{C6962BD4-D381-4DFB-AC85-8E2CE6783898}.Debug|x64.Build.0 = Debug|x64
		{C6962BD4-D381-4DFB-AC85-8E2CE6783898}.Debug|x86.ActiveCfg = Debug|Win32
		{C6962BD4-D381-4DFB-AC85-8E2CE6783898}.Debug|x86.Build.0 = Debug|Win32
		{C6962BD4-D381-4DFB-AC85-8E2CE6783898}.Release|x64.ActiveCfg = Release|x64
		{C6962BD4-D381-4DFB-AC85-8E2CE6783898}.Release|x64.Build.0 = Release|x64
		{C6962BD4-D381-4DFB-AC85-8E2CE6783898}.Release|x86.ActiveCfg = Release|Win32
		{C6962BD4-D381-4DFB-AC85-8E2CE6783898}.Release|x86.Build.0 = Release|Win32
		{9D2B65D0-7864-41AF-BB6E-F2023591AF22}.Debug|x64.ActiveCfg = Debug|x64
		{9D2B65D0-7864-41AF-BB6E-F2023591AF22}.Debug|x64.Build.0 = Debug|x64
		{9D2B65D0-7864-41AF-BB6E-F2023591AF22}.Debug|x86.ActiveCfg = Debug|Win32
		{9D2B65D0-7864-41AF-BB6E-F2023591AF22}.Debug|x86.Build.0 = Debug|Win32
		{9D2B65D0-7864-41AF-BB6E-F2023591AF22}.Release|x64.ActiveCfg = Release|x64
		{9D2B65D0-7864-41AF-BB6E-F2023591AF22}.Release|x64.Build.0 = Release|x64
		{9D2B65D0-7864-41AF-BB6E-F2023591AF22}.Release|x86.ActiveCfg = Release|Win32
		{9D2B65D0-7864-41AF-BB6E-F2023591AF22}.Release|x86.Build.0 = Release|Win32
		{F2E2C4D3-6A4A-4EAA-A266-D846A9DA36A0}.Debug|x64.ActiveCfg = Debug|x64
		{F2E2C4D3-6A4A-4EAA-A266-D846A9DA36A0}.Debug|x64.Build.0 = Debug|x64
		{F2E2C4D3-6A4A-4EAA-A266-D846A9DA36A0}.Debug|x86.ActiveCfg = Debug|Win32
		{F2E2C4D3-6A4A-4EAA-A266-D846A9DA36A0}.Debug|x86.Build.0 = Debug|Win32
		{F2E2C4D3-6A4A-4EAA-A266-D846A9DA36A0}.Release|x64.ActiveCfg = Release|x64
		{F2E2C4D3-6A4A-4EAA-A266-D846A9DA36A0}.Release|x64.Build.0 = Release|x64
		{F2E2C4D3-6A4A-4EAA-A266-D846A9DA36A0}.Release|x86.ActiveCfg = Release|Win32
		{F2E2C4D3-6A4A-4EAA-A266-D846A9DA36A0}.Release|x86.Build.0 = Release|Win32
	EndGlobalSection
	GlobalSection(SolutionProperties) = preSolution
		HideSolutionNode = FALSE
	EndGlobalSection
	GlobalSection(ExtensibilityGlobals) = postSolution
		SolutionGuid = {AFAA7819-5E48-414E-815F-C30C69C1F78A}
	EndGlobalSection
EndGlobal
